
Microsoft Visual Studio Solution File, Format Version 12.00
# Visual Studio Version 17
VisualStudioVersion = 17.4.33110.190
MinimumVisualStudioVersion = 10.0.40219.1
Project("{9A19103F-16F7-4668-BE54-9A1E7A4F7556}") = "Exercise", "InceptionTask\Exercise.csproj", "{FDB41A30-FC83-4365-A792-768A6A9D43EB}"
EndProject
Project("{9A19103F-16F7-4668-BE54-9A1E7A4F7556}") = "Exercise.Tests", "InceptionTask.Tests\Exercise.Tests.csproj", "{7EBF8D40-C38A-472F-AD87-6A3C0DCB0372}"
EndProject
Project("{2150E333-8FDC-42A3-9474-1A3956D46DE8}") = "Элементы решения", "Элементы решения", "{7C93DA7D-7C8D-4236-8E1C-3796BBB55AEC}"
	ProjectSection(SolutionItems) = preProject
		query.sql = query.sql
	EndProjectSection
EndProject
Global
	GlobalSection(SolutionConfigurationPlatforms) = preSolution
		Debug|Any CPU = Debug|Any CPU
		Release|Any CPU = Release|Any CPU
	EndGlobalSection
	GlobalSection(ProjectConfigurationPlatforms) = postSolution
		{FDB41A30-FC83-4365-A792-768A6A9D43EB}.Debug|Any CPU.ActiveCfg = Debug|Any CPU
		{FDB41A30-FC83-4365-A792-768A6A9D43EB}.Debug|Any CPU.Build.0 = Debug|Any CPU
		{FDB41A30-FC83-4365-A792-768A6A9D43EB}.Release|Any CPU.ActiveCfg = Release|Any CPU
		{FDB41A30-FC83-4365-A792-768A6A9D43EB}.Release|Any CPU.Build.0 = Release|Any CPU
		{7EBF8D40-C38A-472F-AD87-6A3C0DCB0372}.Debug|Any CPU.ActiveCfg = Debug|Any CPU
		{7EBF8D40-C38A-472F-AD87-6A3C0DCB0372}.Debug|Any CPU.Build.0 = Debug|Any CPU
		{7EBF8D40-C38A-472F-AD87-6A3C0DCB0372}.Release|Any CPU.ActiveCfg = Release|Any CPU
		{7EBF8D40-C38A-472F-AD87-6A3C0DCB0372}.Release|Any CPU.Build.0 = Release|Any CPU
	EndGlobalSection
	GlobalSection(SolutionProperties) = preSolution
		HideSolutionNode = FALSE
	EndGlobalSection
	GlobalSection(ExtensibilityGlobals) = postSolution
		SolutionGuid = {7CC4F337-4565-4DD2-8E89-99A4A65D3320}
	EndGlobalSection
EndGlobal
